
Microsoft Visual Studio Solution File, Format Version 12.00
# Visual Studio Version 17
VisualStudioVersion = 17.5.002.0
MinimumVisualStudioVersion = 10.0.40219.1
Project("{9A19103F-16F7-4668-BE54-9A1E7A4F7556}") = "ex8", "ex8.csproj", "{605A4A50-D781-483B-9EF5-1BDC0D0D0643}"
EndProject
Global
	GlobalSection(SolutionConfigurationPlatforms) = preSolution
		Debug|Any CPU = Debug|Any CPU
		Release|Any CPU = Release|Any CPU
	EndGlobalSection
	GlobalSection(ProjectConfigurationPlatforms) = postSolution
		{605A4A50-D781-483B-9EF5-1BDC0D0D0643}.Debug|Any CPU.ActiveCfg = Debug|Any CPU
		{605A4A50-D781-483B-9EF5-1BDC0D0D0643}.Debug|Any CPU.Build.0 = Debug|Any CPU
		{605A4A50-D781-483B-9EF5-1BDC0D0D0643}.Release|Any CPU.ActiveCfg = Release|Any CPU
		{605A4A50-D781-483B-9EF5-1BDC0D0D0643}.Release|Any CPU.Build.0 = Release|Any CPU
	EndGlobalSection
	GlobalSection(SolutionProperties) = preSolution
		HideSolutionNode = FALSE
	EndGlobalSection
	GlobalSection(ExtensibilityGlobals) = postSolution
		SolutionGuid = {7A8A1AEB-01EE-4D63-A39A-095B338D4283}
	EndGlobalSection
EndGlobal
